
Microsoft Visual Studio Solution File, Format Version 12.00
# Visual Studio 14
VisualStudioVersion = 14.0.25420.1
MinimumVisualStudioVersion = 10.0.40219.1
Project("{8BC9CEB8-8B4A-11D0-8D11-00A0C91BC942}") = "BankClient", "BankClient\BankClient.vcxproj", "{B64A0809-1303-422C-A269-85355C7EAFDA}"
EndProject
Project("{8BC9CEB8-8B4A-11D0-8D11-00A0C91BC942}") = "Logging", "Logging\Logging.vcxproj", "{28E0CF0C-93CB-4755-9491-E6CC4A27BA7B}"
EndProject
Project("{8BC9CEB8-8B4A-11D0-8D11-00A0C91BC942}") = "XMLControler", "XMLControler\XMLControler.vcxproj", "{5390DACD-316C-4A71-877E-115D36101121}"
EndProject
Project("{8BC9CEB8-8B4A-11D0-8D11-00A0C91BC942}") = "SQLcontrol", "SQLcontrol\SQLcontrol.vcxproj", "{8ABE6327-5133-4BA6-869A-06DCFE4BD817}"
EndProject
Project("{8BC9CEB8-8B4A-11D0-8D11-00A0C91BC942}") = "CurrencyExchange", "CurrencyExchange\CurrencyExchange.vcxproj", "{1B298B3F-FAB5-44C3-9EB9-B0A05BD3B130}"
EndProject
Project("{8BC9CEB8-8B4A-11D0-8D11-00A0C91BC942}") = "BankControl", "BankControl\BankControl.vcxproj", "{014290AD-4E40-47CF-B77E-62B2EF3D5B85}"
EndProject
Global
	GlobalSection(SolutionConfigurationPlatforms) = preSolution
		Debug|x64 = Debug|x64
		Debug|x86 = Debug|x86
		Release|x64 = Release|x64
		Release|x86 = Release|x86
	EndGlobalSection
	GlobalSection(ProjectConfigurationPlatforms) = postSolution
		{B64A0809-1303-422C-A269-85355C7EAFDA}.Debug|x64.ActiveCfg = Debug|x64
		{B64A0809-1303-422C-A269-85355C7EAFDA}.Debug|x64.Build.0 = Debug|x64
		{B64A0809-1303-422C-A269-85355C7EAFDA}.Debug|x86.ActiveCfg = Debug|Win32
		{B64A0809-1303-422C-A269-85355C7EAFDA}.Debug|x86.Build.0 = Debug|Win32
		{B64A0809-1303-422C-A269-85355C7EAFDA}.Release|x64.ActiveCfg = Release|x64
		{B64A0809-1303-422C-A269-85355C7EAFDA}.Release|x64.Build.0 = Release|x64
		{B64A0809-1303-422C-A269-85355C7EAFDA}.Release|x86.ActiveCfg = Release|Win32
		{B64A0809-1303-422C-A269-85355C7EAFDA}.Release|x86.Build.0 = Release|Win32
		{28E0CF0C-93CB-4755-9491-E6CC4A27BA7B}.Debug|x64.ActiveCfg = Debug|x64
		{28E0CF0C-93CB-4755-9491-E6CC4A27BA7B}.Debug|x64.Build.0 = Debug|x64
		{28E0CF0C-93CB-4755-9491-E6CC4A27BA7B}.Debug|x86.ActiveCfg = Debug|Win32
		{28E0CF0C-93CB-4755-9491-E6CC4A27BA7B}.Debug|x86.Build.0 = Debug|Win32
		{28E0CF0C-93CB-4755-9491-E6CC4A27BA7B}.Release|x64.ActiveCfg = Release|x64
		{28E0CF0C-93CB-4755-9491-E6CC4A27BA7B}.Release|x64.Build.0 = Release|x64
		{28E0CF0C-93CB-4755-9491-E6CC4A27BA7B}.Release|x86.ActiveCfg = Release|Win32
		{28E0CF0C-93CB-4755-9491-E6CC4A27BA7B}.Release|x86.Build.0 = Release|Win32
		{5390DACD-316C-4A71-877E-115D36101121}.Debug|x64.ActiveCfg = Debug|x64
		{5390DACD-316C-4A71-877E-115D36101121}.Debug|x64.Build.0 = Debug|x64
		{5390DACD-316C-4A71-877E-115D36101121}.Debug|x86.ActiveCfg = Debug|Win32
		{5390DACD-316C-4A71-877E-115D36101121}.Debug|x86.Build.0 = Debug|Win32
		{5390DACD-316C-4A71-877E-115D36101121}.Release|x64.ActiveCfg = Release|x64
		{5390DACD-316C-4A71-877E-115D36101121}.Release|x64.Build.0 = Release|x64
		{5390DACD-316C-4A71-877E-115D36101121}.Release|x86.ActiveCfg = Release|Win32
		{5390DACD-316C-4A71-877E-115D36101121}.Release|x86.Build.0 = Release|Win32
		{8ABE6327-5133-4BA6-869A-06DCFE4BD817}.Debug|x64.ActiveCfg = Debug|x64
		{8ABE6327-5133-4BA6-869A-06DCFE4BD817}.Debug|x64.Build.0 = Debug|x64
		{8ABE6327-5133-4BA6-869A-06DCFE4BD817}.Debug|x86.ActiveCfg = Debug|Win32
		{8ABE6327-5133-4BA6-869A-06DCFE4BD817}.Debug|x86.Build.0 = Debug|Win32
		{8ABE6327-5133-4BA6-869A-06DCFE4BD817}.Release|x64.ActiveCfg = Release|x64
		{8ABE6327-5133-4BA6-869A-06DCFE4BD817}.Release|x64.Build.0 = Release|x64
		{8ABE6327-5133-4BA6-869A-06DCFE4BD817}.Release|x86.ActiveCfg = Release|Win32
		{8ABE6327-5133-4BA6-869A-06DCFE4BD817}.Release|x86.Build.0 = Release|Win32
		{1B298B3F-FAB5-44C3-9EB9-B0A05BD3B130}.Debug|x64.ActiveCfg = Debug|x64
		{1B298B3F-FAB5-44C3-9EB9-B0A05BD3B130}.Debug|x64.Build.0 = Debug|x64
		{1B298B3F-FAB5-44C3-9EB9-B0A05BD3B130}.Debug|x86.ActiveCfg = Debug|Win32
		{1B298B3F-FAB5-44C3-9EB9-B0A05BD3B130}.Debug|x86.Build.0 = Debug|Win32
		{1B298B3F-FAB5-44C3-9EB9-B0A05BD3B130}.Release|x64.ActiveCfg = Release|x64
		{1B298B3F-FAB5-44C3-9EB9-B0A05BD3B130}.Release|x64.Build.0 = Release|x64
		{1B298B3F-FAB5-44C3-9EB9-B0A05BD3B130}.Release|x86.ActiveCfg = Release|Win32
		{1B298B3F-FAB5-44C3-9EB9-B0A05BD3B130}.Release|x86.Build.0 = Release|Win32
		{014290AD-4E40-47CF-B77E-62B2EF3D5B85}.Debug|x64.ActiveCfg = Debug|x64
		{014290AD-4E40-47CF-B77E-62B2EF3D5B85}.Debug|x64.Build.0 = Debug|x64
		{014290AD-4E40-47CF-B77E-62B2EF3D5B85}.Debug|x86.ActiveCfg = Debug|Win32
		{014290AD-4E40-47CF-B77E-62B2EF3D5B85}.Debug|x86.Build.0 = Debug|Win32
		{014290AD-4E40-47CF-B77E-62B2EF3D5B85}.Release|x64.ActiveCfg = Release|x64
		{014290AD-4E40-47CF-B77E-62B2EF3D5B85}.Release|x64.Build.0 = Release|x64
		{014290AD-4E40-47CF-B77E-62B2EF3D5B85}.Release|x86.ActiveCfg = Release|Win32
		{014290AD-4E40-47CF-B77E-62B2EF3D5B85}.Release|x86.Build.0 = Release|Win32
	EndGlobalSection
	GlobalSection(SolutionProperties) = preSolution
		HideSolutionNode = FALSE
	EndGlobalSection
EndGlobal
